// !$*UTF8*$!
{
	archiveVersion = 1;
	classes = {
	};
	objectVersion = 56;
	objects = {

/* Begin PBXBuildFile section */
		55B5D43E2AFC298800FAD6F2 /* AppDelegate.swift in Sources */ = {isa = PBXBuildFile; fileRef = 55B5D43D2AFC298800FAD6F2 /* AppDelegate.swift */; };
		55B5D4402AFC298800FAD6F2 /* SceneDelegate.swift in Sources */ = {isa = PBXBuildFile; fileRef = 55B5D43F2AFC298800FAD6F2 /* SceneDelegate.swift */; };
		55B5D4422AFC298800FAD6F2 /* ViewController.swift in Sources */ = {isa = PBXBuildFile; fileRef = 55B5D4412AFC298800FAD6F2 /* ViewController.swift */; };
		55B5D4452AFC298800FAD6F2 /* Main.storyboard in Resources */ = {isa = PBXBuildFile; fileRef = 55B5D4432AFC298800FAD6F2 /* Main.storyboard */; };
		55B5D4472AFC298A00FAD6F2 /* Assets.xcassets in Resources */ = {isa = PBXBuildFile; fileRef = 55B5D4462AFC298A00FAD6F2 /* Assets.xcassets */; };
		55B5D44A2AFC298A00FAD6F2 /* LaunchScreen.storyboard in Resources */ = {isa = PBXBuildFile; fileRef = 55B5D4482AFC298A00FAD6F2 /* LaunchScreen.storyboard */; };
		55B5D4532AFC29F800FAD6F2 /* ListTableViewController.swift in Sources */ = {isa = PBXBuildFile; fileRef = 55B5D4512AFC29F800FAD6F2 /* ListTableViewController.swift */; };
		55B5D4542AFC29F800FAD6F2 /* ListTableViewController.xib in Resources */ = {isa = PBXBuildFile; fileRef = 55B5D4522AFC29F800FAD6F2 /* ListTableViewController.xib */; };
		55B5D45C2AFC2D7B00FAD6F2 /* ListCollectionViewController.swift in Sources */ = {isa = PBXBuildFile; fileRef = 55B5D45A2AFC2D7B00FAD6F2 /* ListCollectionViewController.swift */; };
		55B5D45D2AFC2D7B00FAD6F2 /* ListCollectionViewController.xib in Resources */ = {isa = PBXBuildFile; fileRef = 55B5D45B2AFC2D7B00FAD6F2 /* ListCollectionViewController.xib */; };
		55B5D4602AFC36DC00FAD6F2 /* dataModel.swift in Sources */ = {isa = PBXBuildFile; fileRef = 55B5D45F2AFC36DC00FAD6F2 /* dataModel.swift */; };
		55B5D4632AFC556700FAD6F2 /* ProductCollectionViewCell.swift in Sources */ = {isa = PBXBuildFile; fileRef = 55B5D4612AFC556700FAD6F2 /* ProductCollectionViewCell.swift */; };
		55B5D4642AFC556700FAD6F2 /* ProductCollectionViewCell.xib in Resources */ = {isa = PBXBuildFile; fileRef = 55B5D4622AFC556700FAD6F2 /* ProductCollectionViewCell.xib */; };
		55B5D4692AFC5EE900FAD6F2 /* TabBarController.swift in Sources */ = {isa = PBXBuildFile; fileRef = 55B5D4682AFC5EE900FAD6F2 /* TabBarController.swift */; };
/* End PBXBuildFile section */

/* Begin PBXFileReference section */
		55B5D43A2AFC298800FAD6F2 /* tab-bar-shopping-list.app */ = {isa = PBXFileReference; explicitFileType = wrapper.application; includeInIndex = 0; path = "tab-bar-shopping-list.app"; sourceTree = BUILT_PRODUCTS_DIR; };
		55B5D43D2AFC298800FAD6F2 /* AppDelegate.swift */ = {isa = PBXFileReference; lastKnownFileType = sourcecode.swift; path = AppDelegate.swift; sourceTree = "<group>"; };
		55B5D43F2AFC298800FAD6F2 /* SceneDelegate.swift */ = {isa = PBXFileReference; lastKnownFileType = sourcecode.swift; path = SceneDelegate.swift; sourceTree = "<group>"; };
		55B5D4412AFC298800FAD6F2 /* ViewController.swift */ = {isa = PBXFileReference; lastKnownFileType = sourcecode.swift; path = ViewController.swift; sourceTree = "<group>"; };
		55B5D4442AFC298800FAD6F2 /* Base */ = {isa = PBXFileReference; lastKnownFileType = file.storyboard; name = Base; path = Base.lproj/Main.storyboard; sourceTree = "<group>"; };
		55B5D4462AFC298A00FAD6F2 /* Assets.xcassets */ = {isa = PBXFileReference; lastKnownFileType = folder.assetcatalog; path = Assets.xcassets; sourceTree = "<group>"; };
		55B5D4492AFC298A00FAD6F2 /* Base */ = {isa = PBXFileReference; lastKnownFileType = file.storyboard; name = Base; path = Base.lproj/LaunchScreen.storyboard; sourceTree = "<group>"; };
		55B5D44B2AFC298A00FAD6F2 /* Info.plist */ = {isa = PBXFileReference; lastKnownFileType = text.plist.xml; path = Info.plist; sourceTree = "<group>"; };
		55B5D4512AFC29F800FAD6F2 /* ListTableViewController.swift */ = {isa = PBXFileReference; lastKnownFileType = sourcecode.swift; path = ListTableViewController.swift; sourceTree = "<group>"; };
		55B5D4522AFC29F800FAD6F2 /* ListTableViewController.xib */ = {isa = PBXFileReference; lastKnownFileType = file.xib; path = ListTableViewController.xib; sourceTree = "<group>"; };
		55B5D45A2AFC2D7B00FAD6F2 /* ListCollectionViewController.swift */ = {isa = PBXFileReference; lastKnownFileType = sourcecode.swift; path = ListCollectionViewController.swift; sourceTree = "<group>"; };
		55B5D45B2AFC2D7B00FAD6F2 /* ListCollectionViewController.xib */ = {isa = PBXFileReference; lastKnownFileType = file.xib; path = ListCollectionViewController.xib; sourceTree = "<group>"; };
		55B5D45F2AFC36DC00FAD6F2 /* dataModel.swift */ = {isa = PBXFileReference; lastKnownFileType = sourcecode.swift; path = dataModel.swift; sourceTree = "<group>"; };
		55B5D4612AFC556700FAD6F2 /* ProductCollectionViewCell.swift */ = {isa = PBXFileReference; lastKnownFileType = sourcecode.swift; path = ProductCollectionViewCell.swift; sourceTree = "<group>"; };
		55B5D4622AFC556700FAD6F2 /* ProductCollectionViewCell.xib */ = {isa = PBXFileReference; lastKnownFileType = file.xib; path = ProductCollectionViewCell.xib; sourceTree = "<group>"; };
		55B5D4682AFC5EE900FAD6F2 /* TabBarController.swift */ = {isa = PBXFileReference; lastKnownFileType = sourcecode.swift; path = TabBarController.swift; sourceTree = "<group>"; };
/* End PBXFileReference section */

/* Begin PBXFrameworksBuildPhase section */
		55B5D4372AFC298800FAD6F2 /* Frameworks */ = {
			isa = PBXFrameworksBuildPhase;
			buildActionMask = 2147483647;
			files = (
			);
			runOnlyForDeploymentPostprocessing = 0;
		};
/* End PBXFrameworksBuildPhase section */

/* Begin PBXGroup section */
		55B5D4312AFC298700FAD6F2 = {
			isa = PBXGroup;
			children = (
				55B5D43C2AFC298800FAD6F2 /* tab-bar-shopping-list */,
				55B5D43B2AFC298800FAD6F2 /* Products */,
			);
			sourceTree = "<group>";
		};
		55B5D43B2AFC298800FAD6F2 /* Products */ = {
			isa = PBXGroup;
			children = (
				55B5D43A2AFC298800FAD6F2 /* tab-bar-shopping-list.app */,
			);
			name = Products;
			sourceTree = "<group>";
		};
		55B5D43C2AFC298800FAD6F2 /* tab-bar-shopping-list */ = {
			isa = PBXGroup;
			children = (
				55B5D43D2AFC298800FAD6F2 /* AppDelegate.swift */,
				55B5D43F2AFC298800FAD6F2 /* SceneDelegate.swift */,
				55B5D4412AFC298800FAD6F2 /* ViewController.swift */,
				55B5D45F2AFC36DC00FAD6F2 /* dataModel.swift */,
				55B5D4682AFC5EE900FAD6F2 /* TabBarController.swift */,
				55B5D4432AFC298800FAD6F2 /* Main.storyboard */,
				55B5D4652AFC5D1400FAD6F2 /* ProductCollectionViewCell */,
				55B5D45E2AFC2D9400FAD6F2 /* ListCollectionViewController */,
				55B5D4552AFC2CD000FAD6F2 /* ListTableViewController */,
				55B5D4462AFC298A00FAD6F2 /* Assets.xcassets */,
				55B5D4482AFC298A00FAD6F2 /* LaunchScreen.storyboard */,
				55B5D44B2AFC298A00FAD6F2 /* Info.plist */,
			);
			path = "tab-bar-shopping-list";
			sourceTree = "<group>";
		};
		55B5D4552AFC2CD000FAD6F2 /* ListTableViewController */ = {
			isa = PBXGroup;
			children = (
				55B5D4512AFC29F800FAD6F2 /* ListTableViewController.swift */,
				55B5D4522AFC29F800FAD6F2 /* ListTableViewController.xib */,
			);
			path = ListTableViewController;
			sourceTree = "<group>";
		};
		55B5D45E2AFC2D9400FAD6F2 /* ListCollectionViewController */ = {
			isa = PBXGroup;
			children = (
				55B5D45A2AFC2D7B00FAD6F2 /* ListCollectionViewController.swift */,
				55B5D45B2AFC2D7B00FAD6F2 /* ListCollectionViewController.xib */,
			);
			path = ListCollectionViewController;
			sourceTree = "<group>";
		};
		55B5D4652AFC5D1400FAD6F2 /* ProductCollectionViewCell */ = {
			isa = PBXGroup;
			children = (
				55B5D4612AFC556700FAD6F2 /* ProductCollectionViewCell.swift */,
				55B5D4622AFC556700FAD6F2 /* ProductCollectionViewCell.xib */,
			);
			path = ProductCollectionViewCell;
			sourceTree = "<group>";
		};
/* End PBXGroup section */

/* Begin PBXNativeTarget section */
		55B5D4392AFC298800FAD6F2 /* tab-bar-shopping-list */ = {
			isa = PBXNativeTarget;
			buildConfigurationList = 55B5D44E2AFC298A00FAD6F2 /* Build configuration list for PBXNativeTarget "tab-bar-shopping-list" */;
			buildPhases = (
				55B5D4362AFC298800FAD6F2 /* Sources */,
				55B5D4372AFC298800FAD6F2 /* Frameworks */,
				55B5D4382AFC298800FAD6F2 /* Resources */,
			);
			buildRules = (
			);
			dependencies = (
			);
			name = "tab-bar-shopping-list";
			productName = "tab-bar-shopping-list";
			productReference = 55B5D43A2AFC298800FAD6F2 /* tab-bar-shopping-list.app */;
			productType = "com.apple.product-type.application";
		};
/* End PBXNativeTarget section */

/* Begin PBXProject section */
		55B5D4322AFC298700FAD6F2 /* Project object */ = {
			isa = PBXProject;
			attributes = {
				BuildIndependentTargetsInParallel = 1;
				LastSwiftUpdateCheck = 1500;
				LastUpgradeCheck = 1500;
				TargetAttributes = {
					55B5D4392AFC298800FAD6F2 = {
						CreatedOnToolsVersion = 15.0;
					};
				};
			};
			buildConfigurationList = 55B5D4352AFC298700FAD6F2 /* Build configuration list for PBXProject "tab-bar-shopping-list" */;
			compatibilityVersion = "Xcode 14.0";
			developmentRegion = en;
			hasScannedForEncodings = 0;
			knownRegions = (
				en,
				Base,
			);
			mainGroup = 55B5D4312AFC298700FAD6F2;
			productRefGroup = 55B5D43B2AFC298800FAD6F2 /* Products */;
			projectDirPath = "";
			projectRoot = "";
			targets = (
				55B5D4392AFC298800FAD6F2 /* tab-bar-shopping-list */,
			);
		};
/* End PBXProject section */

/* Begin PBXResourcesBuildPhase section */
		55B5D4382AFC298800FAD6F2 /* Resources */ = {
			isa = PBXResourcesBuildPhase;
			buildActionMask = 2147483647;
			files = (
				55B5D44A2AFC298A00FAD6F2 /* LaunchScreen.storyboard in Resources */,
				55B5D45D2AFC2D7B00FAD6F2 /* ListCollectionViewController.xib in Resources */,
				55B5D4642AFC556700FAD6F2 /* ProductCollectionViewCell.xib in Resources */,
				55B5D4472AFC298A00FAD6F2 /* Assets.xcassets in Resources */,
				55B5D4452AFC298800FAD6F2 /* Main.storyboard in Resources */,
				55B5D4542AFC29F800FAD6F2 /* ListTableViewController.xib in Resources */,
			);
			runOnlyForDeploymentPostprocessing = 0;
		};
/* End PBXResourcesBuildPhase section */

/* Begin PBXSourcesBuildPhase section */
		55B5D4362AFC298800FAD6F2 /* Sources */ = {
			isa = PBXSourcesBuildPhase;
			buildActionMask = 2147483647;
			files = (
				55B5D4422AFC298800FAD6F2 /* ViewController.swift in Sources */,
				55B5D4692AFC5EE900FAD6F2 /* TabBarController.swift in Sources */,
				55B5D43E2AFC298800FAD6F2 /* AppDelegate.swift in Sources */,
				55B5D4632AFC556700FAD6F2 /* ProductCollectionViewCell.swift in Sources */,
				55B5D45C2AFC2D7B00FAD6F2 /* ListCollectionViewController.swift in Sources */,
				55B5D4402AFC298800FAD6F2 /* SceneDelegate.swift in Sources */,
				55B5D4532AFC29F800FAD6F2 /* ListTableViewController.swift in Sources */,
				55B5D4602AFC36DC00FAD6F2 /* dataModel.swift in Sources */,
			);
			runOnlyForDeploymentPostprocessing = 0;
		};
/* End PBXSourcesBuildPhase section */

/* Begin PBXVariantGroup section */
		55B5D4432AFC298800FAD6F2 /* Main.storyboard */ = {
			isa = PBXVariantGroup;
			children = (
				55B5D4442AFC298800FAD6F2 /* Base */,
			);
			name = Main.storyboard;
			sourceTree = "<group>";
		};
		55B5D4482AFC298A00FAD6F2 /* LaunchScreen.storyboard */ = {
			isa = PBXVariantGroup;
			children = (
				55B5D4492AFC298A00FAD6F2 /* Base */,
			);
			name = LaunchScreen.storyboard;
			sourceTree = "<group>";
		};
/* End PBXVariantGroup section */

/* Begin XCBuildConfiguration section */
		55B5D44C2AFC298A00FAD6F2 /* Debug */ = {
			isa = XCBuildConfiguration;
			buildSettings = {
				ALWAYS_SEARCH_USER_PATHS = NO;
				ASSETCATALOG_COMPILER_GENERATE_SWIFT_ASSET_SYMBOL_EXTENSIONS = YES;
				CLANG_ANALYZER_NONNULL = YES;
				CLANG_ANALYZER_NUMBER_OBJECT_CONVERSION = YES_AGGRESSIVE;
				CLANG_CXX_LANGUAGE_STANDARD = "gnu++20";
				CLANG_ENABLE_MODULES = YES;
				CLANG_ENABLE_OBJC_ARC = YES;
				CLANG_ENABLE_OBJC_WEAK = YES;
				CLANG_WARN_BLOCK_CAPTURE_AUTORELEASING = YES;
				CLANG_WARN_BOOL_CONVERSION = YES;
				CLANG_WARN_COMMA = YES;
				CLANG_WARN_CONSTANT_CONVERSION = YES;
				CLANG_WARN_DEPRECATED_OBJC_IMPLEMENTATIONS = YES;
				CLANG_WARN_DIRECT_OBJC_ISA_USAGE = YES_ERROR;
				CLANG_WARN_DOCUMENTATION_COMMENTS = YES;
				CLANG_WARN_EMPTY_BODY = YES;
				CLANG_WARN_ENUM_CONVERSION = YES;
				CLANG_WARN_INFINITE_RECURSION = YES;
				CLANG_WARN_INT_CONVERSION = YES;
				CLANG_WARN_NON_LITERAL_NULL_CONVERSION = YES;
				CLANG_WARN_OBJC_IMPLICIT_RETAIN_SELF = YES;
				CLANG_WARN_OBJC_LITERAL_CONVERSION = YES;
				CLANG_WARN_OBJC_ROOT_CLASS = YES_ERROR;
				CLANG_WARN_QUOTED_INCLUDE_IN_FRAMEWORK_HEADER = YES;
				CLANG_WARN_RANGE_LOOP_ANALYSIS = YES;
				CLANG_WARN_STRICT_PROTOTYPES = YES;
				CLANG_WARN_SUSPICIOUS_MOVE = YES;
				CLANG_WARN_UNGUARDED_AVAILABILITY = YES_AGGRESSIVE;
				CLANG_WARN_UNREACHABLE_CODE = YES;
				CLANG_WARN__DUPLICATE_METHOD_MATCH = YES;
				COPY_PHASE_STRIP = NO;
				DEBUG_INFORMATION_FORMAT = dwarf;
				ENABLE_STRICT_OBJC_MSGSEND = YES;
				ENABLE_TESTABILITY = YES;
				ENABLE_USER_SCRIPT_SANDBOXING = YES;
				GCC_C_LANGUAGE_STANDARD = gnu17;
				GCC_DYNAMIC_NO_PIC = NO;
				GCC_NO_COMMON_BLOCKS = YES;
				GCC_OPTIMIZATION_LEVEL = 0;
				GCC_PREPROCESSOR_DEFINITIONS = (
					"DEBUG=1",
					"$(inherited)",
				);
				GCC_WARN_64_TO_32_BIT_CONVERSION = YES;
				GCC_WARN_ABOUT_RETURN_TYPE = YES_ERROR;
				GCC_WARN_UNDECLARED_SELECTOR = YES;
				GCC_WARN_UNINITIALIZED_AUTOS = YES_AGGRESSIVE;
				GCC_WARN_UNUSED_FUNCTION = YES;
				GCC_WARN_UNUSED_VARIABLE = YES;
				IPHONEOS_DEPLOYMENT_TARGET = 17.0;
				LOCALIZATION_PREFERS_STRING_CATALOGS = YES;
				MTL_ENABLE_DEBUG_INFO = INCLUDE_SOURCE;
				MTL_FAST_MATH = YES;
				ONLY_ACTIVE_ARCH = YES;
				SDKROOT = iphoneos;
				SWIFT_ACTIVE_COMPILATION_CONDITIONS = "DEBUG $(inherited)";
				SWIFT_OPTIMIZATION_LEVEL = "-Onone";
			};
			name = Debug;
		};
		55B5D44D2AFC298A00FAD6F2 /* Release */ = {
			isa = XCBuildConfiguration;
			buildSettings = {
				ALWAYS_SEARCH_USER_PATHS = NO;
				ASSETCATALOG_COMPILER_GENERATE_SWIFT_ASSET_SYMBOL_EXTENSIONS = YES;
				CLANG_ANALYZER_NONNULL = YES;
				CLANG_ANALYZER_NUMBER_OBJECT_CONVERSION = YES_AGGRESSIVE;
				CLANG_CXX_LANGUAGE_STANDARD = "gnu++20";
				CLANG_ENABLE_MODULES = YES;
				CLANG_ENABLE_OBJC_ARC = YES;
				CLANG_ENABLE_OBJC_WEAK = YES;
				CLANG_WARN_BLOCK_CAPTURE_AUTORELEASING = YES;
				CLANG_WARN_BOOL_CONVERSION = YES;
				CLANG_WARN_COMMA = YES;
				CLANG_WARN_CONSTANT_CONVERSION = YES;
				CLANG_WARN_DEPRECATED_OBJC_IMPLEMENTATIONS = YES;
				CLANG_WARN_DIRECT_OBJC_ISA_USAGE = YES_ERROR;
				CLANG_WARN_DOCUMENTATION_COMMENTS = YES;
				CLANG_WARN_EMPTY_BODY = YES;
				CLANG_WARN_ENUM_CONVERSION = YES;
				CLANG_WARN_INFINITE_RECURSION = YES;
				CLANG_WARN_INT_CONVERSION = YES;
				CLANG_WARN_NON_LITERAL_NULL_CONVERSION = YES;
				CLANG_WARN_OBJC_IMPLICIT_RETAIN_SELF = YES;
				CLANG_WARN_OBJC_LITERAL_CONVERSION = YES;
				CLANG_WARN_OBJC_ROOT_CLASS = YES_ERROR;
				CLANG_WARN_QUOTED_INCLUDE_IN_FRAMEWORK_HEADER = YES;
				CLANG_WARN_RANGE_LOOP_ANALYSIS = YES;
				CLANG_WARN_STRICT_PROTOTYPES = YES;
				CLANG_WARN_SUSPICIOUS_MOVE = YES;
				CLANG_WARN_UNGUARDED_AVAILABILITY = YES_AGGRESSIVE;
				CLANG_WARN_UNREACHABLE_CODE = YES;
				CLANG_WARN__DUPLICATE_METHOD_MATCH = YES;
				COPY_PHASE_STRIP = NO;
				DEBUG_INFORMATION_FORMAT = "dwarf-with-dsym";
				ENABLE_NS_ASSERTIONS = NO;
				ENABLE_STRICT_OBJC_MSGSEND = YES;
				ENABLE_USER_SCRIPT_SANDBOXING = YES;
				GCC_C_LANGUAGE_STANDARD = gnu17;
				GCC_NO_COMMON_BLOCKS = YES;
				GCC_WARN_64_TO_32_BIT_CONVERSION = YES;
				GCC_WARN_ABOUT_RETURN_TYPE = YES_ERROR;
				GCC_WARN_UNDECLARED_SELECTOR = YES;
				GCC_WARN_UNINITIALIZED_AUTOS = YES_AGGRESSIVE;
				GCC_WARN_UNUSED_FUNCTION = YES;
				GCC_WARN_UNUSED_VARIABLE = YES;
				IPHONEOS_DEPLOYMENT_TARGET = 17.0;
				LOCALIZATION_PREFERS_STRING_CATALOGS = YES;
				MTL_ENABLE_DEBUG_INFO = NO;
				MTL_FAST_MATH = YES;
				SDKROOT = iphoneos;
				SWIFT_COMPILATION_MODE = wholemodule;
				VALIDATE_PRODUCT = YES;
			};
			name = Release;
		};
		55B5D44F2AFC298A00FAD6F2 /* Debug */ = {
			isa = XCBuildConfiguration;
			buildSettings = {
				ASSETCATALOG_COMPILER_APPICON_NAME = AppIcon;
				ASSETCATALOG_COMPILER_GLOBAL_ACCENT_COLOR_NAME = AccentColor;
				CODE_SIGN_STYLE = Automatic;
				CURRENT_PROJECT_VERSION = 1;
				GENERATE_INFOPLIST_FILE = YES;
				INFOPLIST_FILE = "tab-bar-shopping-list/Info.plist";
				INFOPLIST_KEY_UIApplicationSupportsIndirectInputEvents = YES;
				INFOPLIST_KEY_UILaunchStoryboardName = LaunchScreen;
				INFOPLIST_KEY_UIMainStoryboardFile = Main;
				INFOPLIST_KEY_UISupportedInterfaceOrientations_iPad = "UIInterfaceOrientationPortrait UIInterfaceOrientationPortraitUpsideDown UIInterfaceOrientationLandscapeLeft UIInterfaceOrientationLandscapeRight";
				INFOPLIST_KEY_UISupportedInterfaceOrientations_iPhone = "UIInterfaceOrientationPortrait UIInterfaceOrientationLandscapeLeft UIInterfaceOrientationLandscapeRight";
				LD_RUNPATH_SEARCH_PATHS = (
					"$(inherited)",
					"@executable_path/Frameworks",
				);
				MARKETING_VERSION = 1.0;
				PRODUCT_BUNDLE_IDENTIFIER = "EduardoQ.tab-bar-shopping-list";
				PRODUCT_NAME = "$(TARGET_NAME)";
				SWIFT_EMIT_LOC_STRINGS = YES;
				SWIFT_VERSION = 5.0;
				TARGETED_DEVICE_FAMILY = "1,2";
			};
			name = Debug;
		};
		55B5D4502AFC298A00FAD6F2 /* Release */ = {
			isa = XCBuildConfiguration;
			buildSettings = {
				ASSETCATALOG_COMPILER_APPICON_NAME = AppIcon;
				ASSETCATALOG_COMPILER_GLOBAL_ACCENT_COLOR_NAME = AccentColor;
				CODE_SIGN_STYLE = Automatic;
				CURRENT_PROJECT_VERSION = 1;
				GENERATE_INFOPLIST_FILE = YES;
				INFOPLIST_FILE = "tab-bar-shopping-list/Info.plist";
				INFOPLIST_KEY_UIApplicationSupportsIndirectInputEvents = YES;
				INFOPLIST_KEY_UILaunchStoryboardName = LaunchScreen;
				INFOPLIST_KEY_UIMainStoryboardFile = Main;
				INFOPLIST_KEY_UISupportedInterfaceOrientations_iPad = "UIInterfaceOrientationPortrait UIInterfaceOrientationPortraitUpsideDown UIInterfaceOrientationLandscapeLeft UIInterfaceOrientationLandscapeRight";
				INFOPLIST_KEY_UISupportedInterfaceOrientations_iPhone = "UIInterfaceOrientationPortrait UIInterfaceOrientationLandscapeLeft UIInterfaceOrientationLandscapeRight";
				LD_RUNPATH_SEARCH_PATHS = (
					"$(inherited)",
					"@executable_path/Frameworks",
				);
				MARKETING_VERSION = 1.0;
				PRODUCT_BUNDLE_IDENTIFIER = "EduardoQ.tab-bar-shopping-list";
				PRODUCT_NAME = "$(TARGET_NAME)";
				SWIFT_EMIT_LOC_STRINGS = YES;
				SWIFT_VERSION = 5.0;
				TARGETED_DEVICE_FAMILY = "1,2";
			};
			name = Release;
		};
/* End XCBuildConfiguration section */

/* Begin XCConfigurationList section */
		55B5D4352AFC298700FAD6F2 /* Build configuration list for PBXProject "tab-bar-shopping-list" */ = {
			isa = XCConfigurationList;
			buildConfigurations = (
				55B5D44C2AFC298A00FAD6F2 /* Debug */,
				55B5D44D2AFC298A00FAD6F2 /* Release */,
			);
			defaultConfigurationIsVisible = 0;
			defaultConfigurationName = Release;
		};
		55B5D44E2AFC298A00FAD6F2 /* Build configuration list for PBXNativeTarget "tab-bar-shopping-list" */ = {
			isa = XCConfigurationList;
			buildConfigurations = (
				55B5D44F2AFC298A00FAD6F2 /* Debug */,
				55B5D4502AFC298A00FAD6F2 /* Release */,
			);
			defaultConfigurationIsVisible = 0;
			defaultConfigurationName = Release;
		};
/* End XCConfigurationList section */
	};
	rootObject = 55B5D4322AFC298700FAD6F2 /* Project object */;
}
